// !$*UTF8*$!
{
	archiveVersion = 1;
	classes = {
	};
	objectVersion = 56;
	objects = {

/* Begin PBXBuildFile section */
		E3129A3E290058A400D2E3D4 /* RideRequestView.swift in Sources */ = {isa = PBXBuildFile; fileRef = E3129A3D290058A400D2E3D4 /* RideRequestView.swift */; };
		E3210EE928FF7C3B00C6A55A /* MapViewState.swift in Sources */ = {isa = PBXBuildFile; fileRef = E3210EE828FF7C3B00C6A55A /* MapViewState.swift */; };
		E344D89728F889EE003A7437 /* UberSwiftUIApp.swift in Sources */ = {isa = PBXBuildFile; fileRef = E344D89628F889EE003A7437 /* UberSwiftUIApp.swift */; };
		E344D89B28F889F1003A7437 /* Assets.xcassets in Resources */ = {isa = PBXBuildFile; fileRef = E344D89A28F889F1003A7437 /* Assets.xcassets */; };
		E344D89E28F889F1003A7437 /* Preview Assets.xcassets in Resources */ = {isa = PBXBuildFile; fileRef = E344D89D28F889F1003A7437 /* Preview Assets.xcassets */; };
		E344D8AC28F88AEF003A7437 /* HomeView.swift in Sources */ = {isa = PBXBuildFile; fileRef = E344D8AB28F88AEF003A7437 /* HomeView.swift */; };
		E344D8AE28F88BD3003A7437 /* UberMapViewRepresentable.swift in Sources */ = {isa = PBXBuildFile; fileRef = E344D8AD28F88BD3003A7437 /* UberMapViewRepresentable.swift */; };
		E344D8B028F88D0B003A7437 /* LocationManager.swift in Sources */ = {isa = PBXBuildFile; fileRef = E344D8AF28F88D0B003A7437 /* LocationManager.swift */; };
		E34FAC1B28FDBFEE00351368 /* LocationSearchActivationView.swift in Sources */ = {isa = PBXBuildFile; fileRef = E34FAC1A28FDBFEE00351368 /* LocationSearchActivationView.swift */; };
		E34FAC1D28FDC16A00351368 /* MapViewActionButton.swift in Sources */ = {isa = PBXBuildFile; fileRef = E34FAC1C28FDC16A00351368 /* MapViewActionButton.swift */; };
		E34FAC1F28FDC24F00351368 /* LocationSearchView.swift in Sources */ = {isa = PBXBuildFile; fileRef = E34FAC1E28FDC24F00351368 /* LocationSearchView.swift */; };
		E34FAC2128FDC60A00351368 /* LocationSearchResultsCell.swift in Sources */ = {isa = PBXBuildFile; fileRef = E34FAC2028FDC60A00351368 /* LocationSearchResultsCell.swift */; };
		E34FAC2328FDDA6400351368 /* LocationSearchViewModel.swift in Sources */ = {isa = PBXBuildFile; fileRef = E34FAC2228FDDA6400351368 /* LocationSearchViewModel.swift */; };
		E3567CAE29039BBD00954A5C /* FirebaseAuth in Frameworks */ = {isa = PBXBuildFile; productRef = E3567CAD29039BBD00954A5C /* FirebaseAuth */; };
		E3567CB029039BBD00954A5C /* FirebaseFirestore in Frameworks */ = {isa = PBXBuildFile; productRef = E3567CAF29039BBD00954A5C /* FirebaseFirestore */; };
		E3567CB229039BBD00954A5C /* FirebaseFunctions in Frameworks */ = {isa = PBXBuildFile; productRef = E3567CB129039BBD00954A5C /* FirebaseFunctions */; };
		E3567CB429039BBD00954A5C /* FirebaseStorage in Frameworks */ = {isa = PBXBuildFile; productRef = E3567CB329039BBD00954A5C /* FirebaseStorage */; };
		E3567CB729051BB900954A5C /* AuthViewModel.swift in Sources */ = {isa = PBXBuildFile; fileRef = E3567CB629051BB800954A5C /* AuthViewModel.swift */; };
		E3567CBA2905405500954A5C /* ImagePicker.swift in Sources */ = {isa = PBXBuildFile; fileRef = E3567CB92905405500954A5C /* ImagePicker.swift */; };
		E3567CBD2905496300954A5C /* ProfileImageSelectorView.swift in Sources */ = {isa = PBXBuildFile; fileRef = E3567CBC2905496300954A5C /* ProfileImageSelectorView.swift */; };
		E3567CBF290776D000954A5C /* ImageUploader.swift in Sources */ = {isa = PBXBuildFile; fileRef = E3567CBE290776D000954A5C /* ImageUploader.swift */; };
		E3567CC3290790FA00954A5C /* ContentView.swift in Sources */ = {isa = PBXBuildFile; fileRef = E3567CC2290790FA00954A5C /* ContentView.swift */; };
		E3567CC529079AB300954A5C /* MainTabView.swift in Sources */ = {isa = PBXBuildFile; fileRef = E3567CC429079AB300954A5C /* MainTabView.swift */; };
		E3567CC92907ACC100954A5C /* ActivityView.swift in Sources */ = {isa = PBXBuildFile; fileRef = E3567CC82907ACC100954A5C /* ActivityView.swift */; };
		E3567CCB2907ACCA00954A5C /* AccountView.swift in Sources */ = {isa = PBXBuildFile; fileRef = E3567CCA2907ACCA00954A5C /* AccountView.swift */; };
		E3C79BE92908E07F00753D13 /* AccountHeaderView.swift in Sources */ = {isa = PBXBuildFile; fileRef = E3C79BE82908E07F00753D13 /* AccountHeaderView.swift */; };
		E3C79BEB2908E19500753D13 /* AccountCell.swift in Sources */ = {isa = PBXBuildFile; fileRef = E3C79BEA2908E19500753D13 /* AccountCell.swift */; };
		E3C79BED2908F05E00753D13 /* AuthenticationButtonView.swift in Sources */ = {isa = PBXBuildFile; fileRef = E3C79BEC2908F05E00753D13 /* AuthenticationButtonView.swift */; };
		E3EE56322902516700063864 /* LoginView.swift in Sources */ = {isa = PBXBuildFile; fileRef = E3EE56312902516700063864 /* LoginView.swift */; };
		E3EE56372902648400063864 /* RegistrationView.swift in Sources */ = {isa = PBXBuildFile; fileRef = E3EE56362902648400063864 /* RegistrationView.swift */; };
		E3EE563A2902F32D00063864 /* AuthenticationTextField.swift in Sources */ = {isa = PBXBuildFile; fileRef = E3EE56392902F32D00063864 /* AuthenticationTextField.swift */; };
		E3EE563E2903966200063864 /* GoogleService-Info.plist in Resources */ = {isa = PBXBuildFile; fileRef = E3EE563D2903966200063864 /* GoogleService-Info.plist */; };
		E3FD4F982901C47C0050AA65 /* RideType.swift in Sources */ = {isa = PBXBuildFile; fileRef = E3FD4F972901C47C0050AA65 /* RideType.swift */; };
		E3FD4F9A2901DAFA0050AA65 /* Double.swift in Sources */ = {isa = PBXBuildFile; fileRef = E3FD4F992901DAFA0050AA65 /* Double.swift */; };
		E3FD4F9C2901E9810050AA65 /* UberLocation.swift in Sources */ = {isa = PBXBuildFile; fileRef = E3FD4F9B2901E9810050AA65 /* UberLocation.swift */; };
		E3FD4F9F2901FEF60050AA65 /* Color.swift in Sources */ = {isa = PBXBuildFile; fileRef = E3FD4F9E2901FEF60050AA65 /* Color.swift */; };
/* End PBXBuildFile section */

/* Begin PBXFileReference section */
		E3129A3D290058A400D2E3D4 /* RideRequestView.swift */ = {isa = PBXFileReference; lastKnownFileType = sourcecode.swift; path = RideRequestView.swift; sourceTree = "<group>"; };
		E3210EE828FF7C3B00C6A55A /* MapViewState.swift */ = {isa = PBXFileReference; lastKnownFileType = sourcecode.swift; path = MapViewState.swift; sourceTree = "<group>"; };
		E344D89328F889EE003A7437 /* UberSwiftUI.app */ = {isa = PBXFileReference; explicitFileType = wrapper.application; includeInIndex = 0; path = UberSwiftUI.app; sourceTree = BUILT_PRODUCTS_DIR; };
		E344D89628F889EE003A7437 /* UberSwiftUIApp.swift */ = {isa = PBXFileReference; lastKnownFileType = sourcecode.swift; path = UberSwiftUIApp.swift; sourceTree = "<group>"; };
		E344D89A28F889F1003A7437 /* Assets.xcassets */ = {isa = PBXFileReference; lastKnownFileType = folder.assetcatalog; path = Assets.xcassets; sourceTree = "<group>"; };
		E344D89D28F889F1003A7437 /* Preview Assets.xcassets */ = {isa = PBXFileReference; lastKnownFileType = folder.assetcatalog; path = "Preview Assets.xcassets"; sourceTree = "<group>"; };
		E344D8AB28F88AEF003A7437 /* HomeView.swift */ = {isa = PBXFileReference; lastKnownFileType = sourcecode.swift; path = HomeView.swift; sourceTree = "<group>"; };
		E344D8AD28F88BD3003A7437 /* UberMapViewRepresentable.swift */ = {isa = PBXFileReference; lastKnownFileType = sourcecode.swift; path = UberMapViewRepresentable.swift; sourceTree = "<group>"; };
		E344D8AF28F88D0B003A7437 /* LocationManager.swift */ = {isa = PBXFileReference; lastKnownFileType = sourcecode.swift; path = LocationManager.swift; sourceTree = "<group>"; };
		E34FAC1A28FDBFEE00351368 /* LocationSearchActivationView.swift */ = {isa = PBXFileReference; lastKnownFileType = sourcecode.swift; path = LocationSearchActivationView.swift; sourceTree = "<group>"; };
		E34FAC1C28FDC16A00351368 /* MapViewActionButton.swift */ = {isa = PBXFileReference; lastKnownFileType = sourcecode.swift; path = MapViewActionButton.swift; sourceTree = "<group>"; };
		E34FAC1E28FDC24F00351368 /* LocationSearchView.swift */ = {isa = PBXFileReference; lastKnownFileType = sourcecode.swift; path = LocationSearchView.swift; sourceTree = "<group>"; };
		E34FAC2028FDC60A00351368 /* LocationSearchResultsCell.swift */ = {isa = PBXFileReference; lastKnownFileType = sourcecode.swift; path = LocationSearchResultsCell.swift; sourceTree = "<group>"; };
		E34FAC2228FDDA6400351368 /* LocationSearchViewModel.swift */ = {isa = PBXFileReference; lastKnownFileType = sourcecode.swift; path = LocationSearchViewModel.swift; sourceTree = "<group>"; };
		E3567CB629051BB800954A5C /* AuthViewModel.swift */ = {isa = PBXFileReference; lastKnownFileType = sourcecode.swift; path = AuthViewModel.swift; sourceTree = "<group>"; };
		E3567CB92905405500954A5C /* ImagePicker.swift */ = {isa = PBXFileReference; lastKnownFileType = sourcecode.swift; path = ImagePicker.swift; sourceTree = "<group>"; };
		E3567CBC2905496300954A5C /* ProfileImageSelectorView.swift */ = {isa = PBXFileReference; lastKnownFileType = sourcecode.swift; path = ProfileImageSelectorView.swift; sourceTree = "<group>"; };
		E3567CBE290776D000954A5C /* ImageUploader.swift */ = {isa = PBXFileReference; lastKnownFileType = sourcecode.swift; path = ImageUploader.swift; sourceTree = "<group>"; };
		E3567CC2290790FA00954A5C /* ContentView.swift */ = {isa = PBXFileReference; lastKnownFileType = sourcecode.swift; path = ContentView.swift; sourceTree = "<group>"; };
		E3567CC429079AB300954A5C /* MainTabView.swift */ = {isa = PBXFileReference; lastKnownFileType = sourcecode.swift; path = MainTabView.swift; sourceTree = "<group>"; };
		E3567CC82907ACC100954A5C /* ActivityView.swift */ = {isa = PBXFileReference; lastKnownFileType = sourcecode.swift; path = ActivityView.swift; sourceTree = "<group>"; };
		E3567CCA2907ACCA00954A5C /* AccountView.swift */ = {isa = PBXFileReference; lastKnownFileType = sourcecode.swift; path = AccountView.swift; sourceTree = "<group>"; };
		E3C79BE82908E07F00753D13 /* AccountHeaderView.swift */ = {isa = PBXFileReference; lastKnownFileType = sourcecode.swift; path = AccountHeaderView.swift; sourceTree = "<group>"; };
		E3C79BEA2908E19500753D13 /* AccountCell.swift */ = {isa = PBXFileReference; lastKnownFileType = sourcecode.swift; path = AccountCell.swift; sourceTree = "<group>"; };
		E3C79BEC2908F05E00753D13 /* AuthenticationButtonView.swift */ = {isa = PBXFileReference; lastKnownFileType = sourcecode.swift; path = AuthenticationButtonView.swift; sourceTree = "<group>"; };
		E3EE56312902516700063864 /* LoginView.swift */ = {isa = PBXFileReference; lastKnownFileType = sourcecode.swift; path = LoginView.swift; sourceTree = "<group>"; };
		E3EE56362902648400063864 /* RegistrationView.swift */ = {isa = PBXFileReference; lastKnownFileType = sourcecode.swift; path = RegistrationView.swift; sourceTree = "<group>"; };
		E3EE56392902F32D00063864 /* AuthenticationTextField.swift */ = {isa = PBXFileReference; lastKnownFileType = sourcecode.swift; path = AuthenticationTextField.swift; sourceTree = "<group>"; };
		E3EE563D2903966200063864 /* GoogleService-Info.plist */ = {isa = PBXFileReference; fileEncoding = 4; lastKnownFileType = text.plist.xml; path = "GoogleService-Info.plist"; sourceTree = "<group>"; };
		E3FD4F972901C47C0050AA65 /* RideType.swift */ = {isa = PBXFileReference; lastKnownFileType = sourcecode.swift; path = RideType.swift; sourceTree = "<group>"; };
		E3FD4F992901DAFA0050AA65 /* Double.swift */ = {isa = PBXFileReference; lastKnownFileType = sourcecode.swift; path = Double.swift; sourceTree = "<group>"; };
		E3FD4F9B2901E9810050AA65 /* UberLocation.swift */ = {isa = PBXFileReference; lastKnownFileType = sourcecode.swift; path = UberLocation.swift; sourceTree = "<group>"; };
		E3FD4F9E2901FEF60050AA65 /* Color.swift */ = {isa = PBXFileReference; lastKnownFileType = sourcecode.swift; path = Color.swift; sourceTree = "<group>"; };
/* End PBXFileReference section */

/* Begin PBXFrameworksBuildPhase section */
		E344D89028F889EE003A7437 /* Frameworks */ = {
			isa = PBXFrameworksBuildPhase;
			buildActionMask = 2147483647;
			files = (
				E3567CB229039BBD00954A5C /* FirebaseFunctions in Frameworks */,
				E3567CB429039BBD00954A5C /* FirebaseStorage in Frameworks */,
				E3567CAE29039BBD00954A5C /* FirebaseAuth in Frameworks */,
				E3567CB029039BBD00954A5C /* FirebaseFirestore in Frameworks */,
			);
			runOnlyForDeploymentPostprocessing = 0;
		};
/* End PBXFrameworksBuildPhase section */

/* Begin PBXGroup section */
		E3129A3C2900589400D2E3D4 /* Trips */ = {
			isa = PBXGroup;
			children = (
				E3129A3D290058A400D2E3D4 /* RideRequestView.swift */,
			);
			path = Trips;
			sourceTree = "<group>";
		};
		E344D88A28F889EE003A7437 = {
			isa = PBXGroup;
			children = (
				E344D89528F889EE003A7437 /* UberSwiftUI */,
				E344D89428F889EE003A7437 /* Products */,
			);
			sourceTree = "<group>";
		};
		E344D89428F889EE003A7437 /* Products */ = {
			isa = PBXGroup;
			children = (
				E344D89328F889EE003A7437 /* UberSwiftUI.app */,
			);
			name = Products;
			sourceTree = "<group>";
		};
		E344D89528F889EE003A7437 /* UberSwiftUI */ = {
			isa = PBXGroup;
			children = (
				E344D8A828F88AA6003A7437 /* App */,
				E344D8A728F88AA3003A7437 /* Core */,
				E344D8A628F88AA1003A7437 /* Extensions */,
				E344D8A528F88AA0003A7437 /* Managers */,
				E344D8A428F88A9D003A7437 /* Models */,
				E3567CB82905404100954A5C /* Utils */,
				E344D89628F889EE003A7437 /* UberSwiftUIApp.swift */,
				E3567CC2290790FA00954A5C /* ContentView.swift */,
				E344D89A28F889F1003A7437 /* Assets.xcassets */,
				E344D89C28F889F1003A7437 /* Preview Content */,
				E3EE563D2903966200063864 /* GoogleService-Info.plist */,
			);
			path = UberSwiftUI;
			sourceTree = "<group>";
		};
		E344D89C28F889F1003A7437 /* Preview Content */ = {
			isa = PBXGroup;
			children = (
				E344D89D28F889F1003A7437 /* Preview Assets.xcassets */,
			);
			path = "Preview Content";
			sourceTree = "<group>";
		};
		E344D8A428F88A9D003A7437 /* Models */ = {
			isa = PBXGroup;
			children = (
				E3210EE828FF7C3B00C6A55A /* MapViewState.swift */,
				E3FD4F972901C47C0050AA65 /* RideType.swift */,
				E3FD4F9B2901E9810050AA65 /* UberLocation.swift */,
			);
			path = Models;
			sourceTree = "<group>";
		};
		E344D8A528F88AA0003A7437 /* Managers */ = {
			isa = PBXGroup;
			children = (
				E344D8AF28F88D0B003A7437 /* LocationManager.swift */,
			);
			path = Managers;
			sourceTree = "<group>";
		};
		E344D8A628F88AA1003A7437 /* Extensions */ = {
			isa = PBXGroup;
			children = (
				E3FD4F992901DAFA0050AA65 /* Double.swift */,
				E3FD4F9E2901FEF60050AA65 /* Color.swift */,
			);
			path = Extensions;
			sourceTree = "<group>";
		};
		E344D8A728F88AA3003A7437 /* Core */ = {
			isa = PBXGroup;
			children = (
				E3567CC429079AB300954A5C /* MainTabView.swift */,
				E3EE562C2902510C00063864 /* Authentication */,
				E34FAC1628FDBFC200351368 /* Home */,
				E3567CC72907AC8C00954A5C /* Activity */,
				E3567CC62907AC4F00954A5C /* Account */,
				E34FAC1728FDBFCC00351368 /* LocationSearch */,
				E3129A3C2900589400D2E3D4 /* Trips */,
			);
			path = Core;
			sourceTree = "<group>";
		};
		E344D8A828F88AA6003A7437 /* App */ = {
			isa = PBXGroup;
			children = (
			);
			path = App;
			sourceTree = "<group>";
		};
		E344D8A928F88AC3003A7437 /* ViewModels */ = {
			isa = PBXGroup;
			children = (
			);
			path = ViewModels;
			sourceTree = "<group>";
		};
		E344D8AA28F88AC8003A7437 /* Views */ = {
			isa = PBXGroup;
			children = (
				E344D8AB28F88AEF003A7437 /* HomeView.swift */,
				E344D8AD28F88BD3003A7437 /* UberMapViewRepresentable.swift */,
				E34FAC1C28FDC16A00351368 /* MapViewActionButton.swift */,
			);
			path = Views;
			sourceTree = "<group>";
		};
		E34FAC1628FDBFC200351368 /* Home */ = {
			isa = PBXGroup;
			children = (
				E344D8A928F88AC3003A7437 /* ViewModels */,
				E344D8AA28F88AC8003A7437 /* Views */,
			);
			path = Home;
			sourceTree = "<group>";
		};
		E34FAC1728FDBFCC00351368 /* LocationSearch */ = {
			isa = PBXGroup;
			children = (
				E34FAC1928FDBFDD00351368 /* ViewModel */,
				E34FAC1828FDBFD600351368 /* Views */,
			);
			path = LocationSearch;
			sourceTree = "<group>";
		};
		E34FAC1828FDBFD600351368 /* Views */ = {
			isa = PBXGroup;
			children = (
				E34FAC1A28FDBFEE00351368 /* LocationSearchActivationView.swift */,
				E34FAC1E28FDC24F00351368 /* LocationSearchView.swift */,
				E34FAC2028FDC60A00351368 /* LocationSearchResultsCell.swift */,
			);
			path = Views;
			sourceTree = "<group>";
		};
		E34FAC1928FDBFDD00351368 /* ViewModel */ = {
			isa = PBXGroup;
			children = (
				E34FAC2228FDDA6400351368 /* LocationSearchViewModel.swift */,
			);
			path = ViewModel;
			sourceTree = "<group>";
		};
		E3567CB529051B9D00954A5C /* ViewModel */ = {
			isa = PBXGroup;
			children = (
				E3567CB629051BB800954A5C /* AuthViewModel.swift */,
			);
			path = ViewModel;
			sourceTree = "<group>";
		};
		E3567CB82905404100954A5C /* Utils */ = {
			isa = PBXGroup;
			children = (
				E3567CB92905405500954A5C /* ImagePicker.swift */,
				E3567CBE290776D000954A5C /* ImageUploader.swift */,
			);
			path = Utils;
			sourceTree = "<group>";
		};
		E3567CBB2905493A00954A5C /* ProfileImageSelectorView */ = {
			isa = PBXGroup;
			children = (
				E3567CBC2905496300954A5C /* ProfileImageSelectorView.swift */,
			);
			path = ProfileImageSelectorView;
			sourceTree = "<group>";
		};
		E3567CC62907AC4F00954A5C /* Account */ = {
			isa = PBXGroup;
			children = (
				E3567CCA2907ACCA00954A5C /* AccountView.swift */,
				E3C79BE82908E07F00753D13 /* AccountHeaderView.swift */,
				E3C79BEA2908E19500753D13 /* AccountCell.swift */,
			);
			path = Account;
			sourceTree = "<group>";
		};
		E3567CC72907AC8C00954A5C /* Activity */ = {
			isa = PBXGroup;
			children = (
				E3567CC82907ACC100954A5C /* ActivityView.swift */,
			);
			path = Activity;
			sourceTree = "<group>";
		};
		E3EE562C2902510C00063864 /* Authentication */ = {
			isa = PBXGroup;
			children = (
				E3EE56332902644F00063864 /* Registration */,
				E3EE562D2902512B00063864 /* Login */,
				E3567CBB2905493A00954A5C /* ProfileImageSelectorView */,
				E3567CB529051B9D00954A5C /* ViewModel */,
				E3EE56382902F29700063864 /* SharedViews */,
			);
			path = Authentication;
			sourceTree = "<group>";
		};
		E3EE562D2902512B00063864 /* Login */ = {
			isa = PBXGroup;
			children = (
				E3EE56312902516700063864 /* LoginView.swift */,
			);
			path = Login;
			sourceTree = "<group>";
		};
		E3EE56332902644F00063864 /* Registration */ = {
			isa = PBXGroup;
			children = (
				E3EE56362902648400063864 /* RegistrationView.swift */,
			);
			path = Registration;
			sourceTree = "<group>";
		};
		E3EE56382902F29700063864 /* SharedViews */ = {
			isa = PBXGroup;
			children = (
				E3EE56392902F32D00063864 /* AuthenticationTextField.swift */,
				E3C79BEC2908F05E00753D13 /* AuthenticationButtonView.swift */,
			);
			path = SharedViews;
			sourceTree = "<group>";
		};
/* End PBXGroup section */

/* Begin PBXNativeTarget section */
		E344D89228F889EE003A7437 /* UberSwiftUI */ = {
			isa = PBXNativeTarget;
			buildConfigurationList = E344D8A128F889F1003A7437 /* Build configuration list for PBXNativeTarget "UberSwiftUI" */;
			buildPhases = (
				E344D88F28F889EE003A7437 /* Sources */,
				E344D89028F889EE003A7437 /* Frameworks */,
				E344D89128F889EE003A7437 /* Resources */,
			);
			buildRules = (
			);
			dependencies = (
			);
			name = UberSwiftUI;
			packageProductDependencies = (
				E3567CAD29039BBD00954A5C /* FirebaseAuth */,
				E3567CAF29039BBD00954A5C /* FirebaseFirestore */,
				E3567CB129039BBD00954A5C /* FirebaseFunctions */,
				E3567CB329039BBD00954A5C /* FirebaseStorage */,
			);
			productName = UberSwiftUI;
			productReference = E344D89328F889EE003A7437 /* UberSwiftUI.app */;
			productType = "com.apple.product-type.application";
		};
/* End PBXNativeTarget section */

/* Begin PBXProject section */
		E344D88B28F889EE003A7437 /* Project object */ = {
			isa = PBXProject;
			attributes = {
				BuildIndependentTargetsInParallel = 1;
				LastSwiftUpdateCheck = 1400;
				LastUpgradeCheck = 1400;
				TargetAttributes = {
					E344D89228F889EE003A7437 = {
						CreatedOnToolsVersion = 14.0;
					};
				};
			};
			buildConfigurationList = E344D88E28F889EE003A7437 /* Build configuration list for PBXProject "UberSwiftUI" */;
			compatibilityVersion = "Xcode 14.0";
			developmentRegion = en;
			hasScannedForEncodings = 0;
			knownRegions = (
				en,
				Base,
			);
			mainGroup = E344D88A28F889EE003A7437;
			packageReferences = (
				E3567CAC29039BBD00954A5C /* XCRemoteSwiftPackageReference "firebase-ios-sdk" */,
			);
			productRefGroup = E344D89428F889EE003A7437 /* Products */;
			projectDirPath = "";
			projectRoot = "";
			targets = (
				E344D89228F889EE003A7437 /* UberSwiftUI */,
			);
		};
/* End PBXProject section */

/* Begin PBXResourcesBuildPhase section */
		E344D89128F889EE003A7437 /* Resources */ = {
			isa = PBXResourcesBuildPhase;
			buildActionMask = 2147483647;
			files = (
				E344D89E28F889F1003A7437 /* Preview Assets.xcassets in Resources */,
				E344D89B28F889F1003A7437 /* Assets.xcassets in Resources */,
				E3EE563E2903966200063864 /* GoogleService-Info.plist in Resources */,
			);
			runOnlyForDeploymentPostprocessing = 0;
		};
/* End PBXResourcesBuildPhase section */

/* Begin PBXSourcesBuildPhase section */
		E344D88F28F889EE003A7437 /* Sources */ = {
			isa = PBXSourcesBuildPhase;
			buildActionMask = 2147483647;
			files = (
				E3C79BE92908E07F00753D13 /* AccountHeaderView.swift in Sources */,
				E34FAC2328FDDA6400351368 /* LocationSearchViewModel.swift in Sources */,
				E34FAC1F28FDC24F00351368 /* LocationSearchView.swift in Sources */,
				E344D8B028F88D0B003A7437 /* LocationManager.swift in Sources */,
				E3567CBF290776D000954A5C /* ImageUploader.swift in Sources */,
				E3C79BEB2908E19500753D13 /* AccountCell.swift in Sources */,
				E3129A3E290058A400D2E3D4 /* RideRequestView.swift in Sources */,
				E3FD4F9A2901DAFA0050AA65 /* Double.swift in Sources */,
				E3EE563A2902F32D00063864 /* AuthenticationTextField.swift in Sources */,
				E3567CB729051BB900954A5C /* AuthViewModel.swift in Sources */,
				E3EE56372902648400063864 /* RegistrationView.swift in Sources */,
				E3210EE928FF7C3B00C6A55A /* MapViewState.swift in Sources */,
				E34FAC1D28FDC16A00351368 /* MapViewActionButton.swift in Sources */,
				E3567CC529079AB300954A5C /* MainTabView.swift in Sources */,
				E34FAC2128FDC60A00351368 /* LocationSearchResultsCell.swift in Sources */,
				E3FD4F9F2901FEF60050AA65 /* Color.swift in Sources */,
				E344D89728F889EE003A7437 /* UberSwiftUIApp.swift in Sources */,
				E344D8AE28F88BD3003A7437 /* UberMapViewRepresentable.swift in Sources */,
				E3FD4F9C2901E9810050AA65 /* UberLocation.swift in Sources */,
				E344D8AC28F88AEF003A7437 /* HomeView.swift in Sources */,
				E3567CC92907ACC100954A5C /* ActivityView.swift in Sources */,
				E3567CC3290790FA00954A5C /* ContentView.swift in Sources */,
				E34FAC1B28FDBFEE00351368 /* LocationSearchActivationView.swift in Sources */,
				E3567CBA2905405500954A5C /* ImagePicker.swift in Sources */,
				E3EE56322902516700063864 /* LoginView.swift in Sources */,
				E3C79BED2908F05E00753D13 /* AuthenticationButtonView.swift in Sources */,
				E3FD4F982901C47C0050AA65 /* RideType.swift in Sources */,
				E3567CCB2907ACCA00954A5C /* AccountView.swift in Sources */,
				E3567CBD2905496300954A5C /* ProfileImageSelectorView.swift in Sources */,
			);
			runOnlyForDeploymentPostprocessing = 0;
		};
/* End PBXSourcesBuildPhase section */

/* Begin XCBuildConfiguration section */
		E344D89F28F889F1003A7437 /* Debug */ = {
			isa = XCBuildConfiguration;
			buildSettings = {
				ALWAYS_SEARCH_USER_PATHS = NO;
				CLANG_ANALYZER_NONNULL = YES;
				CLANG_ANALYZER_NUMBER_OBJECT_CONVERSION = YES_AGGRESSIVE;
				CLANG_CXX_LANGUAGE_STANDARD = "gnu++20";
				CLANG_ENABLE_MODULES = YES;
				CLANG_ENABLE_OBJC_ARC = YES;
				CLANG_ENABLE_OBJC_WEAK = YES;
				CLANG_WARN_BLOCK_CAPTURE_AUTORELEASING = YES;
				CLANG_WARN_BOOL_CONVERSION = YES;
				CLANG_WARN_COMMA = YES;
				CLANG_WARN_CONSTANT_CONVERSION = YES;
				CLANG_WARN_DEPRECATED_OBJC_IMPLEMENTATIONS = YES;
				CLANG_WARN_DIRECT_OBJC_ISA_USAGE = YES_ERROR;
				CLANG_WARN_DOCUMENTATION_COMMENTS = YES;
				CLANG_WARN_EMPTY_BODY = YES;
				CLANG_WARN_ENUM_CONVERSION = YES;
				CLANG_WARN_INFINITE_RECURSION = YES;
				CLANG_WARN_INT_CONVERSION = YES;
				CLANG_WARN_NON_LITERAL_NULL_CONVERSION = YES;
				CLANG_WARN_OBJC_IMPLICIT_RETAIN_SELF = YES;
				CLANG_WARN_OBJC_LITERAL_CONVERSION = YES;
				CLANG_WARN_OBJC_ROOT_CLASS = YES_ERROR;
				CLANG_WARN_QUOTED_INCLUDE_IN_FRAMEWORK_HEADER = YES;
				CLANG_WARN_RANGE_LOOP_ANALYSIS = YES;
				CLANG_WARN_STRICT_PROTOTYPES = YES;
				CLANG_WARN_SUSPICIOUS_MOVE = YES;
				CLANG_WARN_UNGUARDED_AVAILABILITY = YES_AGGRESSIVE;
				CLANG_WARN_UNREACHABLE_CODE = YES;
				CLANG_WARN__DUPLICATE_METHOD_MATCH = YES;
				COPY_PHASE_STRIP = NO;
				DEBUG_INFORMATION_FORMAT = dwarf;
				ENABLE_STRICT_OBJC_MSGSEND = YES;
				ENABLE_TESTABILITY = YES;
				GCC_C_LANGUAGE_STANDARD = gnu11;
				GCC_DYNAMIC_NO_PIC = NO;
				GCC_NO_COMMON_BLOCKS = YES;
				GCC_OPTIMIZATION_LEVEL = 0;
				GCC_PREPROCESSOR_DEFINITIONS = (
					"DEBUG=1",
					"$(inherited)",
				);
				GCC_WARN_64_TO_32_BIT_CONVERSION = YES;
				GCC_WARN_ABOUT_RETURN_TYPE = YES_ERROR;
				GCC_WARN_UNDECLARED_SELECTOR = YES;
				GCC_WARN_UNINITIALIZED_AUTOS = YES_AGGRESSIVE;
				GCC_WARN_UNUSED_FUNCTION = YES;
				GCC_WARN_UNUSED_VARIABLE = YES;
				IPHONEOS_DEPLOYMENT_TARGET = 16.0;
				MTL_ENABLE_DEBUG_INFO = INCLUDE_SOURCE;
				MTL_FAST_MATH = YES;
				ONLY_ACTIVE_ARCH = YES;
				SDKROOT = iphoneos;
				SWIFT_ACTIVE_COMPILATION_CONDITIONS = DEBUG;
				SWIFT_OPTIMIZATION_LEVEL = "-Onone";
			};
			name = Debug;
		};
		E344D8A028F889F1003A7437 /* Release */ = {
			isa = XCBuildConfiguration;
			buildSettings = {
				ALWAYS_SEARCH_USER_PATHS = NO;
				CLANG_ANALYZER_NONNULL = YES;
				CLANG_ANALYZER_NUMBER_OBJECT_CONVERSION = YES_AGGRESSIVE;
				CLANG_CXX_LANGUAGE_STANDARD = "gnu++20";
				CLANG_ENABLE_MODULES = YES;
				CLANG_ENABLE_OBJC_ARC = YES;
				CLANG_ENABLE_OBJC_WEAK = YES;
				CLANG_WARN_BLOCK_CAPTURE_AUTORELEASING = YES;
				CLANG_WARN_BOOL_CONVERSION = YES;
				CLANG_WARN_COMMA = YES;
				CLANG_WARN_CONSTANT_CONVERSION = YES;
				CLANG_WARN_DEPRECATED_OBJC_IMPLEMENTATIONS = YES;
				CLANG_WARN_DIRECT_OBJC_ISA_USAGE = YES_ERROR;
				CLANG_WARN_DOCUMENTATION_COMMENTS = YES;
				CLANG_WARN_EMPTY_BODY = YES;
				CLANG_WARN_ENUM_CONVERSION = YES;
				CLANG_WARN_INFINITE_RECURSION = YES;
				CLANG_WARN_INT_CONVERSION = YES;
				CLANG_WARN_NON_LITERAL_NULL_CONVERSION = YES;
				CLANG_WARN_OBJC_IMPLICIT_RETAIN_SELF = YES;
				CLANG_WARN_OBJC_LITERAL_CONVERSION = YES;
				CLANG_WARN_OBJC_ROOT_CLASS = YES_ERROR;
				CLANG_WARN_QUOTED_INCLUDE_IN_FRAMEWORK_HEADER = YES;
				CLANG_WARN_RANGE_LOOP_ANALYSIS = YES;
				CLANG_WARN_STRICT_PROTOTYPES = YES;
				CLANG_WARN_SUSPICIOUS_MOVE = YES;
				CLANG_WARN_UNGUARDED_AVAILABILITY = YES_AGGRESSIVE;
				CLANG_WARN_UNREACHABLE_CODE = YES;
				CLANG_WARN__DUPLICATE_METHOD_MATCH = YES;
				COPY_PHASE_STRIP = NO;
				DEBUG_INFORMATION_FORMAT = "dwarf-with-dsym";
				ENABLE_NS_ASSERTIONS = NO;
				ENABLE_STRICT_OBJC_MSGSEND = YES;
				GCC_C_LANGUAGE_STANDARD = gnu11;
				GCC_NO_COMMON_BLOCKS = YES;
				GCC_WARN_64_TO_32_BIT_CONVERSION = YES;
				GCC_WARN_ABOUT_RETURN_TYPE = YES_ERROR;
				GCC_WARN_UNDECLARED_SELECTOR = YES;
				GCC_WARN_UNINITIALIZED_AUTOS = YES_AGGRESSIVE;
				GCC_WARN_UNUSED_FUNCTION = YES;
				GCC_WARN_UNUSED_VARIABLE = YES;
				IPHONEOS_DEPLOYMENT_TARGET = 16.0;
				MTL_ENABLE_DEBUG_INFO = NO;
				MTL_FAST_MATH = YES;
				SDKROOT = iphoneos;
				SWIFT_COMPILATION_MODE = wholemodule;
				SWIFT_OPTIMIZATION_LEVEL = "-O";
				VALIDATE_PRODUCT = YES;
			};
			name = Release;
		};
		E344D8A228F889F1003A7437 /* Debug */ = {
			isa = XCBuildConfiguration;
			buildSettings = {
				ASSETCATALOG_COMPILER_APPICON_NAME = AppIcon;
				ASSETCATALOG_COMPILER_GLOBAL_ACCENT_COLOR_NAME = AccentColor;
				CODE_SIGN_STYLE = Automatic;
				CURRENT_PROJECT_VERSION = 1;
				DEVELOPMENT_ASSET_PATHS = "\"UberSwiftUI/Preview Content\"";
				DEVELOPMENT_TEAM = VAC49TM43D;
				ENABLE_PREVIEWS = YES;
				GENERATE_INFOPLIST_FILE = YES;
				INFOPLIST_KEY_NSLocationWhenInUseUsageDescription = "Uber needs your location to find nearby drivers for you.";
				INFOPLIST_KEY_UIApplicationSceneManifest_Generation = YES;
				INFOPLIST_KEY_UIApplicationSupportsIndirectInputEvents = YES;
				INFOPLIST_KEY_UILaunchScreen_Generation = YES;
				INFOPLIST_KEY_UISupportedInterfaceOrientations = UIInterfaceOrientationPortrait;
				LD_RUNPATH_SEARCH_PATHS = (
					"$(inherited)",
					"@executable_path/Frameworks",
				);
				MARKETING_VERSION = 1.0;
				PRODUCT_BUNDLE_IDENTIFIER = com.JoeVargas.UberSwiftUI;
				PRODUCT_NAME = "$(TARGET_NAME)";
				SWIFT_EMIT_LOC_STRINGS = YES;
				SWIFT_VERSION = 5.0;
				TARGETED_DEVICE_FAMILY = "1,2";
			};
			name = Debug;
		};
		E344D8A328F889F1003A7437 /* Release */ = {
			isa = XCBuildConfiguration;
			buildSettings = {
				ASSETCATALOG_COMPILER_APPICON_NAME = AppIcon;
				ASSETCATALOG_COMPILER_GLOBAL_ACCENT_COLOR_NAME = AccentColor;
				CODE_SIGN_STYLE = Automatic;
				CURRENT_PROJECT_VERSION = 1;
				DEVELOPMENT_ASSET_PATHS = "\"UberSwiftUI/Preview Content\"";
				DEVELOPMENT_TEAM = VAC49TM43D;
				ENABLE_PREVIEWS = YES;
				GENERATE_INFOPLIST_FILE = YES;
				INFOPLIST_KEY_NSLocationWhenInUseUsageDescription = "Uber needs your location to find nearby drivers for you.";
				INFOPLIST_KEY_UIApplicationSceneManifest_Generation = YES;
				INFOPLIST_KEY_UIApplicationSupportsIndirectInputEvents = YES;
				INFOPLIST_KEY_UILaunchScreen_Generation = YES;
				INFOPLIST_KEY_UISupportedInterfaceOrientations = UIInterfaceOrientationPortrait;
				LD_RUNPATH_SEARCH_PATHS = (
					"$(inherited)",
					"@executable_path/Frameworks",
				);
				MARKETING_VERSION = 1.0;
				PRODUCT_BUNDLE_IDENTIFIER = com.JoeVargas.UberSwiftUI;
				PRODUCT_NAME = "$(TARGET_NAME)";
				SWIFT_EMIT_LOC_STRINGS = YES;
				SWIFT_VERSION = 5.0;
				TARGETED_DEVICE_FAMILY = "1,2";
			};
			name = Release;
		};
/* End XCBuildConfiguration section */

/* Begin XCConfigurationList section */
		E344D88E28F889EE003A7437 /* Build configuration list for PBXProject "UberSwiftUI" */ = {
			isa = XCConfigurationList;
			buildConfigurations = (
				E344D89F28F889F1003A7437 /* Debug */,
				E344D8A028F889F1003A7437 /* Release */,
			);
			defaultConfigurationIsVisible = 0;
			defaultConfigurationName = Release;
		};
		E344D8A128F889F1003A7437 /* Build configuration list for PBXNativeTarget "UberSwiftUI" */ = {
			isa = XCConfigurationList;
			buildConfigurations = (
				E344D8A228F889F1003A7437 /* Debug */,
				E344D8A328F889F1003A7437 /* Release */,
			);
			defaultConfigurationIsVisible = 0;
			defaultConfigurationName = Release;
		};
/* End XCConfigurationList section */

/* Begin XCRemoteSwiftPackageReference section */
		E3567CAC29039BBD00954A5C /* XCRemoteSwiftPackageReference "firebase-ios-sdk" */ = {
			isa = XCRemoteSwiftPackageReference;
			repositoryURL = "https://github.com/firebase/firebase-ios-sdk";
			requirement = {
				kind = upToNextMajorVersion;
				minimumVersion = 9.0.0;
			};
		};
/* End XCRemoteSwiftPackageReference section */

/* Begin XCSwiftPackageProductDependency section */
		E3567CAD29039BBD00954A5C /* FirebaseAuth */ = {
			isa = XCSwiftPackageProductDependency;
			package = E3567CAC29039BBD00954A5C /* XCRemoteSwiftPackageReference "firebase-ios-sdk" */;
			productName = FirebaseAuth;
		};
		E3567CAF29039BBD00954A5C /* FirebaseFirestore */ = {
			isa = XCSwiftPackageProductDependency;
			package = E3567CAC29039BBD00954A5C /* XCRemoteSwiftPackageReference "firebase-ios-sdk" */;
			productName = FirebaseFirestore;
		};
		E3567CB129039BBD00954A5C /* FirebaseFunctions */ = {
			isa = XCSwiftPackageProductDependency;
			package = E3567CAC29039BBD00954A5C /* XCRemoteSwiftPackageReference "firebase-ios-sdk" */;
			productName = FirebaseFunctions;
		};
		E3567CB329039BBD00954A5C /* FirebaseStorage */ = {
			isa = XCSwiftPackageProductDependency;
			package = E3567CAC29039BBD00954A5C /* XCRemoteSwiftPackageReference "firebase-ios-sdk" */;
			productName = FirebaseStorage;
		};
/* End XCSwiftPackageProductDependency section */
	};
	rootObject = E344D88B28F889EE003A7437 /* Project object */;
}
